
Microsoft Visual Studio Solution File, Format Version 12.00
# Visual Studio Version 16
VisualStudioVersion = 16.0.29326.143
MinimumVisualStudioVersion = 10.0.40219.1
Project("{FAE04EC0-301F-11D3-BF4B-00C04F79EFBC}") = "GrpcGreeterClient", "GrpcGreeterClient\GrpcGreeterClient.csproj", "{114A4774-ECAE-4F55-888D-14FDB039E29C}"
EndProject
Global
	GlobalSection(SolutionConfigurationPlatforms) = preSolution
		Debug|Any CPU = Debug|Any CPU
		Release|Any CPU = Release|Any CPU
	EndGlobalSection
	GlobalSection(ProjectConfigurationPlatforms) = postSolution
		{114A4774-ECAE-4F55-888D-14FDB039E29C}.Debug|Any CPU.ActiveCfg = Debug|Any CPU
		{114A4774-ECAE-4F55-888D-14FDB039E29C}.Debug|Any CPU.Build.0 = Debug|Any CPU
		{114A4774-ECAE-4F55-888D-14FDB039E29C}.Release|Any CPU.ActiveCfg = Release|Any CPU
		{114A4774-ECAE-4F55-888D-14FDB039E29C}.Release|Any CPU.Build.0 = Release|Any CPU
	EndGlobalSection
	GlobalSection(SolutionProperties) = preSolution
		HideSolutionNode = FALSE
	EndGlobalSection
	GlobalSection(ExtensibilityGlobals) = postSolution
		SolutionGuid = {0D7175CA-1E29-4C82-B1A1-807BFF365FE4}
	EndGlobalSection
EndGlobal
