
Microsoft Visual Studio Solution File, Format Version 12.00
# Visual Studio Version 16
VisualStudioVersion = 16.0.30011.22
MinimumVisualStudioVersion = 10.0.40219.1
Project("{FAE04EC0-301F-11D3-BF4B-00C04F79EFBC}") = "PostComment", "PostComment\PostComment.csproj", "{A4856CB0-0933-4C2E-853C-2FA1258FF3C4}"
EndProject
Project("{FAE04EC0-301F-11D3-BF4B-00C04F79EFBC}") = "ObjectWCF", "ObjectWCF\ObjectWCF.csproj", "{882A3800-FD4A-4B93-9785-F92A812C4C13}"
EndProject
Project("{FAE04EC0-301F-11D3-BF4B-00C04F79EFBC}") = "HostWCF", "HostWCF\HostWCF.csproj", "{CD87527D-3D5D-4457-8AAB-106C06C9A970}"
EndProject
Project("{FAE04EC0-301F-11D3-BF4B-00C04F79EFBC}") = "RazorPagesMovie", "RazorPagesMovie\RazorPagesMovie.csproj", "{396E6944-A505-466A-8868-1959222F7413}"
EndProject
Project("{FAE04EC0-301F-11D3-BF4B-00C04F79EFBC}") = "Client", "Client\Client.csproj", "{467F1F79-345E-4CA9-A000-60E5290C26E1}"
EndProject
Global
	GlobalSection(SolutionConfigurationPlatforms) = preSolution
		Debug|Any CPU = Debug|Any CPU
		Release|Any CPU = Release|Any CPU
	EndGlobalSection
	GlobalSection(ProjectConfigurationPlatforms) = postSolution
		{A4856CB0-0933-4C2E-853C-2FA1258FF3C4}.Debug|Any CPU.ActiveCfg = Debug|Any CPU
		{A4856CB0-0933-4C2E-853C-2FA1258FF3C4}.Debug|Any CPU.Build.0 = Debug|Any CPU
		{A4856CB0-0933-4C2E-853C-2FA1258FF3C4}.Release|Any CPU.ActiveCfg = Release|Any CPU
		{A4856CB0-0933-4C2E-853C-2FA1258FF3C4}.Release|Any CPU.Build.0 = Release|Any CPU
		{882A3800-FD4A-4B93-9785-F92A812C4C13}.Debug|Any CPU.ActiveCfg = Debug|Any CPU
		{882A3800-FD4A-4B93-9785-F92A812C4C13}.Debug|Any CPU.Build.0 = Debug|Any CPU
		{882A3800-FD4A-4B93-9785-F92A812C4C13}.Release|Any CPU.ActiveCfg = Release|Any CPU
		{882A3800-FD4A-4B93-9785-F92A812C4C13}.Release|Any CPU.Build.0 = Release|Any CPU
		{CD87527D-3D5D-4457-8AAB-106C06C9A970}.Debug|Any CPU.ActiveCfg = Debug|Any CPU
		{CD87527D-3D5D-4457-8AAB-106C06C9A970}.Debug|Any CPU.Build.0 = Debug|Any CPU
		{CD87527D-3D5D-4457-8AAB-106C06C9A970}.Release|Any CPU.ActiveCfg = Release|Any CPU
		{CD87527D-3D5D-4457-8AAB-106C06C9A970}.Release|Any CPU.Build.0 = Release|Any CPU
		{396E6944-A505-466A-8868-1959222F7413}.Debug|Any CPU.ActiveCfg = Debug|Any CPU
		{396E6944-A505-466A-8868-1959222F7413}.Debug|Any CPU.Build.0 = Debug|Any CPU
		{396E6944-A505-466A-8868-1959222F7413}.Release|Any CPU.ActiveCfg = Release|Any CPU
		{396E6944-A505-466A-8868-1959222F7413}.Release|Any CPU.Build.0 = Release|Any CPU
		{467F1F79-345E-4CA9-A000-60E5290C26E1}.Debug|Any CPU.ActiveCfg = Debug|Any CPU
		{467F1F79-345E-4CA9-A000-60E5290C26E1}.Debug|Any CPU.Build.0 = Debug|Any CPU
		{467F1F79-345E-4CA9-A000-60E5290C26E1}.Release|Any CPU.ActiveCfg = Release|Any CPU
		{467F1F79-345E-4CA9-A000-60E5290C26E1}.Release|Any CPU.Build.0 = Release|Any CPU
	EndGlobalSection
	GlobalSection(SolutionProperties) = preSolution
		HideSolutionNode = FALSE
	EndGlobalSection
	GlobalSection(ExtensibilityGlobals) = postSolution
		SolutionGuid = {F04210CE-A11A-4060-993B-82F3B50252DC}
	EndGlobalSection
EndGlobal
